{
  "name": "kompromat",
  "lockfileVersion": 2,
  "requires": true,
  "packages": {
    "": {
      "dependencies": {
        "useragent": "^2.3.0"
      },
      "devDependencies": {
        "@types/useragent": "^2.3.1"
      }
    },
    "node_modules/@types/useragent": {
      "version": "2.3.1",
      "resolved": "https://registry.npmjs.org/@types/useragent/-/useragent-2.3.1.tgz",
      "integrity": "sha512-w70ziElAVDD8lEOQ2Id3YBDE0sn2DTVA1zLB59H4kFngYoOJAIlnMkndiZFrzzHE0jmFDZ9AEWNvmeTm6Rvj9A==",
      "dev": true
    },
    "node_modules/lru-cache": {
      "version": "4.1.5",
      "resolved": "https://registry.npmjs.org/lru-cache/-/lru-cache-4.1.5.tgz",
      "integrity": "sha512-sWZlbEP2OsHNkXrMl5GYk/jKk70MBng6UU4YI/qGDYbgf6YbP4EvmqISbXCoJiRKs+1bSpFHVgQxvJ17F2li5g==",
      "dependencies": {
        "pseudomap": "^1.0.2",
        "yallist": "^2.1.2"
      }
    },
    "node_modules/os-tmpdir": {
      "version": "1.0.2",
      "resolved": "https://registry.npmjs.org/os-tmpdir/-/os-tmpdir-1.0.2.tgz",
      "integrity": "sha1-u+Z0BseaqFxc/sdm/lc0VV36EnQ=",
      "engines": {
        "node": ">=0.10.0"
      }
    },
    "node_modules/pseudomap": {
      "version": "1.0.2",
      "resolved": "https://registry.npmjs.org/pseudomap/-/pseudomap-1.0.2.tgz",
      "integrity": "sha1-8FKijacOYYkX7wqKw0wa5aaChrM="
    },
    "node_modules/tmp": {
      "version": "0.0.33",
      "resolved": "https://registry.npmjs.org/tmp/-/tmp-0.0.33.tgz",
      "integrity": "sha512-jRCJlojKnZ3addtTOjdIqoRuPEKBvNXcGYqzO6zWZX8KfKEpnGY5jfggJQ3EjKuu8D4bJRr0y+cYJFmYbImXGw==",
      "dependencies": {
        "os-tmpdir": "~1.0.2"
      },
      "engines": {
        "node": ">=0.6.0"
      }
    },
    "node_modules/useragent": {
      "version": "2.3.0",
      "resolved": "https://registry.npmjs.org/useragent/-/useragent-2.3.0.tgz",
      "integrity": "sha512-4AoH4pxuSvHCjqLO04sU6U/uE65BYza8l/KKBS0b0hnUPWi+cQ2BpeTEwejCSx9SPV5/U03nniDTrWx5NrmKdw==",
      "dependencies": {
        "lru-cache": "4.1.x",
        "tmp": "0.0.x"
      }
    },
    "node_modules/yallist": {
      "version": "2.1.2",
      "resolved": "https://registry.npmjs.org/yallist/-/yallist-2.1.2.tgz",
      "integrity": "sha1-HBH5IY8HYImkfdUS+TxmmaaoHVI="
    }
  },
  "dependencies": {
    "@types/useragent": {
      "version": "2.3.1",
      "resolved": "https://registry.npmjs.org/@types/useragent/-/useragent-2.3.1.tgz",
      "integrity": "sha512-w70ziElAVDD8lEOQ2Id3YBDE0sn2DTVA1zLB59H4kFngYoOJAIlnMkndiZFrzzHE0jmFDZ9AEWNvmeTm6Rvj9A==",
      "dev": true
    },
    "lru-cache": {
      "version": "4.1.5",
      "resolved": "https://registry.npmjs.org/lru-cache/-/lru-cache-4.1.5.tgz",
      "integrity": "sha512-sWZlbEP2OsHNkXrMl5GYk/jKk70MBng6UU4YI/qGDYbgf6YbP4EvmqISbXCoJiRKs+1bSpFHVgQxvJ17F2li5g==",
      "requires": {
        "pseudomap": "^1.0.2",
        "yallist": "^2.1.2"
      }
    },
    "os-tmpdir": {
      "version": "1.0.2",
      "resolved": "https://registry.npmjs.org/os-tmpdir/-/os-tmpdir-1.0.2.tgz",
      "integrity": "sha1-u+Z0BseaqFxc/sdm/lc0VV36EnQ="
    },
    "pseudomap": {
      "version": "1.0.2",
      "resolved": "https://registry.npmjs.org/pseudomap/-/pseudomap-1.0.2.tgz",
      "integrity": "sha1-8FKijacOYYkX7wqKw0wa5aaChrM="
    },
    "tmp": {
      "version": "0.0.33",
      "resolved": "https://registry.npmjs.org/tmp/-/tmp-0.0.33.tgz",
      "integrity": "sha512-jRCJlojKnZ3addtTOjdIqoRuPEKBvNXcGYqzO6zWZX8KfKEpnGY5jfggJQ3EjKuu8D4bJRr0y+cYJFmYbImXGw==",
      "requires": {
        "os-tmpdir": "~1.0.2"
      }
    },
    "useragent": {
      "version": "2.3.0",
      "resolved": "https://registry.npmjs.org/useragent/-/useragent-2.3.0.tgz",
      "integrity": "sha512-4AoH4pxuSvHCjqLO04sU6U/uE65BYza8l/KKBS0b0hnUPWi+cQ2BpeTEwejCSx9SPV5/U03nniDTrWx5NrmKdw==",
      "requires": {
        "lru-cache": "4.1.x",
        "tmp": "0.0.x"
      }
    },
    "yallist": {
      "version": "2.1.2",
      "resolved": "https://registry.npmjs.org/yallist/-/yallist-2.1.2.tgz",
      "integrity": "sha1-HBH5IY8HYImkfdUS+TxmmaaoHVI="
    }
  }
}
